// !$*UTF8*$!
{
	archiveVersion = 1;
	classes = {
	};
	objectVersion = 55;
	objects = {

/* Begin PBXBuildFile section */
		1C75A3962830B70900BEA278 /* AdMob_StartGuide_DemoApp.swift in Sources */ = {isa = PBXBuildFile; fileRef = 1C75A3952830B70900BEA278 /* AdMob_StartGuide_DemoApp.swift */; };
		1C75A3982830B70900BEA278 /* ContentView.swift in Sources */ = {isa = PBXBuildFile; fileRef = 1C75A3972830B70900BEA278 /* ContentView.swift */; };
		1C75A39A2830B70B00BEA278 /* Assets.xcassets in Resources */ = {isa = PBXBuildFile; fileRef = 1C75A3992830B70B00BEA278 /* Assets.xcassets */; };
		1C75A39D2830B70B00BEA278 /* Preview Assets.xcassets in Resources */ = {isa = PBXBuildFile; fileRef = 1C75A39C2830B70B00BEA278 /* Preview Assets.xcassets */; };
		54C6DB8FF9951591EE6DADC6 /* Pods_AdMob_StartGuide_Demo.framework in Frameworks */ = {isa = PBXBuildFile; fileRef = F29B341606F5D03D2C939D7B /* Pods_AdMob_StartGuide_Demo.framework */; };
/* End PBXBuildFile section */

/* Begin PBXFileReference section */
		1C75A3922830B70900BEA278 /* AdMob-StartGuide-Demo.app */ = {isa = PBXFileReference; explicitFileType = wrapper.application; includeInIndex = 0; path = "AdMob-StartGuide-Demo.app"; sourceTree = BUILT_PRODUCTS_DIR; };
		1C75A3952830B70900BEA278 /* AdMob_StartGuide_DemoApp.swift */ = {isa = PBXFileReference; lastKnownFileType = sourcecode.swift; path = AdMob_StartGuide_DemoApp.swift; sourceTree = "<group>"; };
		1C75A3972830B70900BEA278 /* ContentView.swift */ = {isa = PBXFileReference; lastKnownFileType = sourcecode.swift; path = ContentView.swift; sourceTree = "<group>"; };
		1C75A3992830B70B00BEA278 /* Assets.xcassets */ = {isa = PBXFileReference; lastKnownFileType = folder.assetcatalog; path = Assets.xcassets; sourceTree = "<group>"; };
		1C75A39C2830B70B00BEA278 /* Preview Assets.xcassets */ = {isa = PBXFileReference; lastKnownFileType = folder.assetcatalog; path = "Preview Assets.xcassets"; sourceTree = "<group>"; };
		1C75A3A3283111F700BEA278 /* Info.plist */ = {isa = PBXFileReference; lastKnownFileType = text.plist; path = Info.plist; sourceTree = "<group>"; };
		215712A61C133990556CE083 /* Pods-AdMob-StartGuide-Demo.debug.xcconfig */ = {isa = PBXFileReference; includeInIndex = 1; lastKnownFileType = text.xcconfig; name = "Pods-AdMob-StartGuide-Demo.debug.xcconfig"; path = "Target Support Files/Pods-AdMob-StartGuide-Demo/Pods-AdMob-StartGuide-Demo.debug.xcconfig"; sourceTree = "<group>"; };
		7EE32EAD3B8D71343184694C /* Pods-AdMob-StartGuide-Demo.release.xcconfig */ = {isa = PBXFileReference; includeInIndex = 1; lastKnownFileType = text.xcconfig; name = "Pods-AdMob-StartGuide-Demo.release.xcconfig"; path = "Target Support Files/Pods-AdMob-StartGuide-Demo/Pods-AdMob-StartGuide-Demo.release.xcconfig"; sourceTree = "<group>"; };
		F29B341606F5D03D2C939D7B /* Pods_AdMob_StartGuide_Demo.framework */ = {isa = PBXFileReference; explicitFileType = wrapper.framework; includeInIndex = 0; path = Pods_AdMob_StartGuide_Demo.framework; sourceTree = BUILT_PRODUCTS_DIR; };
/* End PBXFileReference section */

/* Begin PBXFrameworksBuildPhase section */
		1C75A38F2830B70900BEA278 /* Frameworks */ = {
			isa = PBXFrameworksBuildPhase;
			buildActionMask = 2147483647;
			files = (
				54C6DB8FF9951591EE6DADC6 /* Pods_AdMob_StartGuide_Demo.framework in Frameworks */,
			);
			runOnlyForDeploymentPostprocessing = 0;
		};
/* End PBXFrameworksBuildPhase section */

/* Begin PBXGroup section */
		1C75A3892830B70900BEA278 = {
			isa = PBXGroup;
			children = (
				1C75A3942830B70900BEA278 /* AdMob-StartGuide-Demo */,
				1C75A3932830B70900BEA278 /* Products */,
				6C7149EB9A079230C9F144A9 /* Pods */,
				8A078E1ED72828952776D3B5 /* Frameworks */,
			);
			sourceTree = "<group>";
		};
		1C75A3932830B70900BEA278 /* Products */ = {
			isa = PBXGroup;
			children = (
				1C75A3922830B70900BEA278 /* AdMob-StartGuide-Demo.app */,
			);
			name = Products;
			sourceTree = "<group>";
		};
		1C75A3942830B70900BEA278 /* AdMob-StartGuide-Demo */ = {
			isa = PBXGroup;
			children = (
				1C75A3A3283111F700BEA278 /* Info.plist */,
				1C75A3952830B70900BEA278 /* AdMob_StartGuide_DemoApp.swift */,
				1C75A3972830B70900BEA278 /* ContentView.swift */,
				1C75A3992830B70B00BEA278 /* Assets.xcassets */,
				1C75A39B2830B70B00BEA278 /* Preview Content */,
			);
			path = "AdMob-StartGuide-Demo";
			sourceTree = "<group>";
		};
		1C75A39B2830B70B00BEA278 /* Preview Content */ = {
			isa = PBXGroup;
			children = (
				1C75A39C2830B70B00BEA278 /* Preview Assets.xcassets */,
			);
			path = "Preview Content";
			sourceTree = "<group>";
		};
		6C7149EB9A079230C9F144A9 /* Pods */ = {
			isa = PBXGroup;
			children = (
				215712A61C133990556CE083 /* Pods-AdMob-StartGuide-Demo.debug.xcconfig */,
				7EE32EAD3B8D71343184694C /* Pods-AdMob-StartGuide-Demo.release.xcconfig */,
			);
			path = Pods;
			sourceTree = "<group>";
		};
		8A078E1ED72828952776D3B5 /* Frameworks */ = {
			isa = PBXGroup;
			children = (
				F29B341606F5D03D2C939D7B /* Pods_AdMob_StartGuide_Demo.framework */,
			);
			name = Frameworks;
			sourceTree = "<group>";
		};
/* End PBXGroup section */

/* Begin PBXNativeTarget section */
		1C75A3912830B70900BEA278 /* AdMob-StartGuide-Demo */ = {
			isa = PBXNativeTarget;
			buildConfigurationList = 1C75A3A02830B70B00BEA278 /* Build configuration list for PBXNativeTarget "AdMob-StartGuide-Demo" */;
			buildPhases = (
				F920F09918095889FCDCF7CA /* [CP] Check Pods Manifest.lock */,
				1C75A38E2830B70900BEA278 /* Sources */,
				1C75A38F2830B70900BEA278 /* Frameworks */,
				1C75A3902830B70900BEA278 /* Resources */,
				8913A19209CE1E5AA526E08C /* [CP] Embed Pods Frameworks */,
			);
			buildRules = (
			);
			dependencies = (
			);
			name = "AdMob-StartGuide-Demo";
			productName = "AdMob-StartGuide-Demo";
			productReference = 1C75A3922830B70900BEA278 /* AdMob-StartGuide-Demo.app */;
			productType = "com.apple.product-type.application";
		};
/* End PBXNativeTarget section */

/* Begin PBXProject section */
		1C75A38A2830B70900BEA278 /* Project object */ = {
			isa = PBXProject;
			attributes = {
				BuildIndependentTargetsInParallel = 1;
				LastSwiftUpdateCheck = 1330;
				LastUpgradeCheck = 1330;
				TargetAttributes = {
					1C75A3912830B70900BEA278 = {
						CreatedOnToolsVersion = 13.3.1;
					};
				};
			};
			buildConfigurationList = 1C75A38D2830B70900BEA278 /* Build configuration list for PBXProject "AdMob-StartGuide-Demo" */;
			compatibilityVersion = "Xcode 13.0";
			developmentRegion = en;
			hasScannedForEncodings = 0;
			knownRegions = (
				en,
				Base,
			);
			mainGroup = 1C75A3892830B70900BEA278;
			productRefGroup = 1C75A3932830B70900BEA278 /* Products */;
			projectDirPath = "";
			projectRoot = "";
			targets = (
				1C75A3912830B70900BEA278 /* AdMob-StartGuide-Demo */,
			);
		};
/* End PBXProject section */

/* Begin PBXResourcesBuildPhase section */
		1C75A3902830B70900BEA278 /* Resources */ = {
			isa = PBXResourcesBuildPhase;
			buildActionMask = 2147483647;
			files = (
				1C75A39D2830B70B00BEA278 /* Preview Assets.xcassets in Resources */,
				1C75A39A2830B70B00BEA278 /* Assets.xcassets in Resources */,
			);
			runOnlyForDeploymentPostprocessing = 0;
		};
/* End PBXResourcesBuildPhase section */

/* Begin PBXShellScriptBuildPhase section */
		8913A19209CE1E5AA526E08C /* [CP] Embed Pods Frameworks */ = {
			isa = PBXShellScriptBuildPhase;
			buildActionMask = 2147483647;
			files = (
			);
			inputFileListPaths = (
				"${PODS_ROOT}/Target Support Files/Pods-AdMob-StartGuide-Demo/Pods-AdMob-StartGuide-Demo-frameworks-${CONFIGURATION}-input-files.xcfilelist",
			);
			name = "[CP] Embed Pods Frameworks";
			outputFileListPaths = (
				"${PODS_ROOT}/Target Support Files/Pods-AdMob-StartGuide-Demo/Pods-AdMob-StartGuide-Demo-frameworks-${CONFIGURATION}-output-files.xcfilelist",
			);
			runOnlyForDeploymentPostprocessing = 0;
			shellPath = /bin/sh;
			shellScript = "\"${PODS_ROOT}/Target Support Files/Pods-AdMob-StartGuide-Demo/Pods-AdMob-StartGuide-Demo-frameworks.sh\"\n";
			showEnvVarsInLog = 0;
		};
		F920F09918095889FCDCF7CA /* [CP] Check Pods Manifest.lock */ = {
			isa = PBXShellScriptBuildPhase;
			buildActionMask = 2147483647;
			files = (
			);
			inputFileListPaths = (
			);
			inputPaths = (
				"${PODS_PODFILE_DIR_PATH}/Podfile.lock",
				"${PODS_ROOT}/Manifest.lock",
			);
			name = "[CP] Check Pods Manifest.lock";
			outputFileListPaths = (
			);
			outputPaths = (
				"$(DERIVED_FILE_DIR)/Pods-AdMob-StartGuide-Demo-checkManifestLockResult.txt",
			);
			runOnlyForDeploymentPostprocessing = 0;
			shellPath = /bin/sh;
			shellScript = "diff \"${PODS_PODFILE_DIR_PATH}/Podfile.lock\" \"${PODS_ROOT}/Manifest.lock\" > /dev/null\nif [ $? != 0 ] ; then\n    # print error to STDERR\n    echo \"error: The sandbox is not in sync with the Podfile.lock. Run 'pod install' or update your CocoaPods installation.\" >&2\n    exit 1\nfi\n# This output is used by Xcode 'outputs' to avoid re-running this script phase.\necho \"SUCCESS\" > \"${SCRIPT_OUTPUT_FILE_0}\"\n";
			showEnvVarsInLog = 0;
		};
/* End PBXShellScriptBuildPhase section */

/* Begin PBXSourcesBuildPhase section */
		1C75A38E2830B70900BEA278 /* Sources */ = {
			isa = PBXSourcesBuildPhase;
			buildActionMask = 2147483647;
			files = (
				1C75A3982830B70900BEA278 /* ContentView.swift in Sources */,
				1C75A3962830B70900BEA278 /* AdMob_StartGuide_DemoApp.swift in Sources */,
			);
			runOnlyForDeploymentPostprocessing = 0;
		};
/* End PBXSourcesBuildPhase section */

/* Begin XCBuildConfiguration section */
		1C75A39E2830B70B00BEA278 /* Debug */ = {
			isa = XCBuildConfiguration;
			buildSettings = {
				ALWAYS_SEARCH_USER_PATHS = NO;
				CLANG_ANALYZER_NONNULL = YES;
				CLANG_ANALYZER_NUMBER_OBJECT_CONVERSION = YES_AGGRESSIVE;
				CLANG_CXX_LANGUAGE_STANDARD = "gnu++17";
				CLANG_ENABLE_MODULES = YES;
				CLANG_ENABLE_OBJC_ARC = YES;
				CLANG_ENABLE_OBJC_WEAK = YES;
				CLANG_WARN_BLOCK_CAPTURE_AUTORELEASING = YES;
				CLANG_WARN_BOOL_CONVERSION = YES;
				CLANG_WARN_COMMA = YES;
				CLANG_WARN_CONSTANT_CONVERSION = YES;
				CLANG_WARN_DEPRECATED_OBJC_IMPLEMENTATIONS = YES;
				CLANG_WARN_DIRECT_OBJC_ISA_USAGE = YES_ERROR;
				CLANG_WARN_DOCUMENTATION_COMMENTS = YES;
				CLANG_WARN_EMPTY_BODY = YES;
				CLANG_WARN_ENUM_CONVERSION = YES;
				CLANG_WARN_INFINITE_RECURSION = YES;
				CLANG_WARN_INT_CONVERSION = YES;
				CLANG_WARN_NON_LITERAL_NULL_CONVERSION = YES;
				CLANG_WARN_OBJC_IMPLICIT_RETAIN_SELF = YES;
				CLANG_WARN_OBJC_LITERAL_CONVERSION = YES;
				CLANG_WARN_OBJC_ROOT_CLASS = YES_ERROR;
				CLANG_WARN_QUOTED_INCLUDE_IN_FRAMEWORK_HEADER = YES;
				CLANG_WARN_RANGE_LOOP_ANALYSIS = YES;
				CLANG_WARN_STRICT_PROTOTYPES = YES;
				CLANG_WARN_SUSPICIOUS_MOVE = YES;
				CLANG_WARN_UNGUARDED_AVAILABILITY = YES_AGGRESSIVE;
				CLANG_WARN_UNREACHABLE_CODE = YES;
				CLANG_WARN__DUPLICATE_METHOD_MATCH = YES;
				COPY_PHASE_STRIP = NO;
				DEBUG_INFORMATION_FORMAT = dwarf;
				ENABLE_STRICT_OBJC_MSGSEND = YES;
				ENABLE_TESTABILITY = YES;
				GCC_C_LANGUAGE_STANDARD = gnu11;
				GCC_DYNAMIC_NO_PIC = NO;
				GCC_NO_COMMON_BLOCKS = YES;
				GCC_OPTIMIZATION_LEVEL = 0;
				GCC_PREPROCESSOR_DEFINITIONS = (
					"DEBUG=1",
					"$(inherited)",
				);
				GCC_WARN_64_TO_32_BIT_CONVERSION = YES;
				GCC_WARN_ABOUT_RETURN_TYPE = YES_ERROR;
				GCC_WARN_UNDECLARED_SELECTOR = YES;
				GCC_WARN_UNINITIALIZED_AUTOS = YES_AGGRESSIVE;
				GCC_WARN_UNUSED_FUNCTION = YES;
				GCC_WARN_UNUSED_VARIABLE = YES;
				IPHONEOS_DEPLOYMENT_TARGET = 15.4;
				MTL_ENABLE_DEBUG_INFO = INCLUDE_SOURCE;
				MTL_FAST_MATH = YES;
				ONLY_ACTIVE_ARCH = YES;
				SDKROOT = iphoneos;
				SWIFT_ACTIVE_COMPILATION_CONDITIONS = DEBUG;
				SWIFT_OPTIMIZATION_LEVEL = "-Onone";
			};
			name = Debug;
		};
		1C75A39F2830B70B00BEA278 /* Release */ = {
			isa = XCBuildConfiguration;
			buildSettings = {
				ALWAYS_SEARCH_USER_PATHS = NO;
				CLANG_ANALYZER_NONNULL = YES;
				CLANG_ANALYZER_NUMBER_OBJECT_CONVERSION = YES_AGGRESSIVE;
				CLANG_CXX_LANGUAGE_STANDARD = "gnu++17";
				CLANG_ENABLE_MODULES = YES;
				CLANG_ENABLE_OBJC_ARC = YES;
				CLANG_ENABLE_OBJC_WEAK = YES;
				CLANG_WARN_BLOCK_CAPTURE_AUTORELEASING = YES;
				CLANG_WARN_BOOL_CONVERSION = YES;
				CLANG_WARN_COMMA = YES;
				CLANG_WARN_CONSTANT_CONVERSION = YES;
				CLANG_WARN_DEPRECATED_OBJC_IMPLEMENTATIONS = YES;
				CLANG_WARN_DIRECT_OBJC_ISA_USAGE = YES_ERROR;
				CLANG_WARN_DOCUMENTATION_COMMENTS = YES;
				CLANG_WARN_EMPTY_BODY = YES;
				CLANG_WARN_ENUM_CONVERSION = YES;
				CLANG_WARN_INFINITE_RECURSION = YES;
				CLANG_WARN_INT_CONVERSION = YES;
				CLANG_WARN_NON_LITERAL_NULL_CONVERSION = YES;
				CLANG_WARN_OBJC_IMPLICIT_RETAIN_SELF = YES;
				CLANG_WARN_OBJC_LITERAL_CONVERSION = YES;
				CLANG_WARN_OBJC_ROOT_CLASS = YES_ERROR;
				CLANG_WARN_QUOTED_INCLUDE_IN_FRAMEWORK_HEADER = YES;
				CLANG_WARN_RANGE_LOOP_ANALYSIS = YES;
				CLANG_WARN_STRICT_PROTOTYPES = YES;
				CLANG_WARN_SUSPICIOUS_MOVE = YES;
				CLANG_WARN_UNGUARDED_AVAILABILITY = YES_AGGRESSIVE;
				CLANG_WARN_UNREACHABLE_CODE = YES;
				CLANG_WARN__DUPLICATE_METHOD_MATCH = YES;
				COPY_PHASE_STRIP = NO;
				DEBUG_INFORMATION_FORMAT = "dwarf-with-dsym";
				ENABLE_NS_ASSERTIONS = NO;
				ENABLE_STRICT_OBJC_MSGSEND = YES;
				GCC_C_LANGUAGE_STANDARD = gnu11;
				GCC_NO_COMMON_BLOCKS = YES;
				GCC_WARN_64_TO_32_BIT_CONVERSION = YES;
				GCC_WARN_ABOUT_RETURN_TYPE = YES_ERROR;
				GCC_WARN_UNDECLARED_SELECTOR = YES;
				GCC_WARN_UNINITIALIZED_AUTOS = YES_AGGRESSIVE;
				GCC_WARN_UNUSED_FUNCTION = YES;
				GCC_WARN_UNUSED_VARIABLE = YES;
				IPHONEOS_DEPLOYMENT_TARGET = 15.4;
				MTL_ENABLE_DEBUG_INFO = NO;
				MTL_FAST_MATH = YES;
				SDKROOT = iphoneos;
				SWIFT_COMPILATION_MODE = wholemodule;
				SWIFT_OPTIMIZATION_LEVEL = "-O";
				VALIDATE_PRODUCT = YES;
			};
			name = Release;
		};
		1C75A3A12830B70B00BEA278 /* Debug */ = {
			isa = XCBuildConfiguration;
			baseConfigurationReference = 215712A61C133990556CE083 /* Pods-AdMob-StartGuide-Demo.debug.xcconfig */;
			buildSettings = {
				ASSETCATALOG_COMPILER_APPICON_NAME = AppIcon;
				ASSETCATALOG_COMPILER_GLOBAL_ACCENT_COLOR_NAME = AccentColor;
				CODE_SIGN_STYLE = Automatic;
				CURRENT_PROJECT_VERSION = 1;
				DEVELOPMENT_ASSET_PATHS = "\"AdMob-StartGuide-Demo/Preview Content\"";
				DEVELOPMENT_TEAM = 69BMRJXU5B;
				ENABLE_PREVIEWS = YES;
				GENERATE_INFOPLIST_FILE = YES;
				INFOPLIST_FILE = "AdMob-StartGuide-Demo/Info.plist";
				INFOPLIST_KEY_UIApplicationSceneManifest_Generation = YES;
				INFOPLIST_KEY_UIApplicationSupportsIndirectInputEvents = YES;
				INFOPLIST_KEY_UILaunchScreen_Generation = YES;
				INFOPLIST_KEY_UISupportedInterfaceOrientations_iPad = "UIInterfaceOrientationPortrait UIInterfaceOrientationPortraitUpsideDown UIInterfaceOrientationLandscapeLeft UIInterfaceOrientationLandscapeRight";
				INFOPLIST_KEY_UISupportedInterfaceOrientations_iPhone = "UIInterfaceOrientationPortrait UIInterfaceOrientationLandscapeLeft UIInterfaceOrientationLandscapeRight";
				LD_RUNPATH_SEARCH_PATHS = (
					"$(inherited)",
					"@executable_path/Frameworks",
				);
				MARKETING_VERSION = 1.0;
				PRODUCT_BUNDLE_IDENTIFIER = "com.AdMob-StartGuide-Demo";
				PRODUCT_NAME = "$(TARGET_NAME)";
				SWIFT_EMIT_LOC_STRINGS = YES;
				SWIFT_VERSION = 5.0;
				TARGETED_DEVICE_FAMILY = "1,2";
			};
			name = Debug;
		};
		1C75A3A22830B70B00BEA278 /* Release */ = {
			isa = XCBuildConfiguration;
			baseConfigurationReference = 7EE32EAD3B8D71343184694C /* Pods-AdMob-StartGuide-Demo.release.xcconfig */;
			buildSettings = {
				ASSETCATALOG_COMPILER_APPICON_NAME = AppIcon;
				ASSETCATALOG_COMPILER_GLOBAL_ACCENT_COLOR_NAME = AccentColor;
				CODE_SIGN_STYLE = Automatic;
				CURRENT_PROJECT_VERSION = 1;
				DEVELOPMENT_ASSET_PATHS = "\"AdMob-StartGuide-Demo/Preview Content\"";
				DEVELOPMENT_TEAM = 69BMRJXU5B;
				ENABLE_PREVIEWS = YES;
				GENERATE_INFOPLIST_FILE = YES;
				INFOPLIST_FILE = "AdMob-StartGuide-Demo/Info.plist";
				INFOPLIST_KEY_UIApplicationSceneManifest_Generation = YES;
				INFOPLIST_KEY_UIApplicationSupportsIndirectInputEvents = YES;
				INFOPLIST_KEY_UILaunchScreen_Generation = YES;
				INFOPLIST_KEY_UISupportedInterfaceOrientations_iPad = "UIInterfaceOrientationPortrait UIInterfaceOrientationPortraitUpsideDown UIInterfaceOrientationLandscapeLeft UIInterfaceOrientationLandscapeRight";
				INFOPLIST_KEY_UISupportedInterfaceOrientations_iPhone = "UIInterfaceOrientationPortrait UIInterfaceOrientationLandscapeLeft UIInterfaceOrientationLandscapeRight";
				LD_RUNPATH_SEARCH_PATHS = (
					"$(inherited)",
					"@executable_path/Frameworks",
				);
				MARKETING_VERSION = 1.0;
				PRODUCT_BUNDLE_IDENTIFIER = "com.AdMob-StartGuide-Demo";
				PRODUCT_NAME = "$(TARGET_NAME)";
				SWIFT_EMIT_LOC_STRINGS = YES;
				SWIFT_VERSION = 5.0;
				TARGETED_DEVICE_FAMILY = "1,2";
			};
			name = Release;
		};
/* End XCBuildConfiguration section */

/* Begin XCConfigurationList section */
		1C75A38D2830B70900BEA278 /* Build configuration list for PBXProject "AdMob-StartGuide-Demo" */ = {
			isa = XCConfigurationList;
			buildConfigurations = (
				1C75A39E2830B70B00BEA278 /* Debug */,
				1C75A39F2830B70B00BEA278 /* Release */,
			);
			defaultConfigurationIsVisible = 0;
			defaultConfigurationName = Release;
		};
		1C75A3A02830B70B00BEA278 /* Build configuration list for PBXNativeTarget "AdMob-StartGuide-Demo" */ = {
			isa = XCConfigurationList;
			buildConfigurations = (
				1C75A3A12830B70B00BEA278 /* Debug */,
				1C75A3A22830B70B00BEA278 /* Release */,
			);
			defaultConfigurationIsVisible = 0;
			defaultConfigurationName = Release;
		};
/* End XCConfigurationList section */
	};
	rootObject = 1C75A38A2830B70900BEA278 /* Project object */;
}
